
Microsoft Visual Studio Solution File, Format Version 12.00
# Visual Studio Version 16
VisualStudioVersion = 16.0.29728.190
MinimumVisualStudioVersion = 10.0.40219.1
Project("{FAE04EC0-301F-11D3-BF4B-00C04F79EFBC}") = "UploadClient", "UploadClient\UploadClient.csproj", "{D083DD64-7A7C-4945-A1D5-2C9A7EF2734A}"
EndProject
Global
	GlobalSection(SolutionConfigurationPlatforms) = preSolution
		Debug|Any CPU = Debug|Any CPU
		Release|Any CPU = Release|Any CPU
	EndGlobalSection
	GlobalSection(ProjectConfigurationPlatforms) = postSolution
		{D083DD64-7A7C-4945-A1D5-2C9A7EF2734A}.Debug|Any CPU.ActiveCfg = Debug|Any CPU
		{D083DD64-7A7C-4945-A1D5-2C9A7EF2734A}.Debug|Any CPU.Build.0 = Debug|Any CPU
		{D083DD64-7A7C-4945-A1D5-2C9A7EF2734A}.Release|Any CPU.ActiveCfg = Release|Any CPU
		{D083DD64-7A7C-4945-A1D5-2C9A7EF2734A}.Release|Any CPU.Build.0 = Release|Any CPU
	EndGlobalSection
	GlobalSection(SolutionProperties) = preSolution
		HideSolutionNode = FALSE
	EndGlobalSection
	GlobalSection(ExtensibilityGlobals) = postSolution
		SolutionGuid = {10EE20D2-A7B8-4D73-B4DD-499D67CE5986}
	EndGlobalSection
EndGlobal
